
Microsoft Visual Studio Solution File, Format Version 12.00
# Visual Studio Version 17
VisualStudioVersion = 17.14.36127.28
MinimumVisualStudioVersion = 10.0.40219.1
Project("{FAE04EC0-301F-11D3-BF4B-00C04F79EFBC}") = "DataAccess", "DataAccess\DataAccess.csproj", "{7E43C271-02B1-471D-8A88-27601326BAC2}"
EndProject
Project("{FAE04EC0-301F-11D3-BF4B-00C04F79EFBC}") = "Core", "Core\Core.csproj", "{C497BC09-2744-498D-971D-B6CB4B4A7E39}"
EndProject
Project("{FAE04EC0-301F-11D3-BF4B-00C04F79EFBC}") = "API", "API\API.csproj", "{FDCE1F72-F50C-4C99-8D29-2E8643326A5C}"
EndProject
Project("{FAE04EC0-301F-11D3-BF4B-00C04F79EFBC}") = "Module.Users", "Module.Users\Module.Users.csproj", "{2FC1734E-CACA-CF52-4534-1091FD5019C4}"
EndProject
Project("{FAE04EC0-301F-11D3-BF4B-00C04F79EFBC}") = "ConsoleTest", "ConsoleTest\ConsoleTest.csproj", "{F1165D21-4176-43CA-B563-E0A1956CE8AD}"
EndProject
Project("{FAE04EC0-301F-11D3-BF4B-00C04F79EFBC}") = "Storage", "Storage\Storage.csproj", "{6ADC5C1D-25BC-4523-8BA7-F5FF441D83B9}"
EndProject
Project("{FAE04EC0-301F-11D3-BF4B-00C04F79EFBC}") = "SystemTracking", "SystemTracking\SystemTracking.csproj", "{3D710B85-0F9E-45A9-98C0-F4CA3AF1DF75}"
EndProject
Project("{FAE04EC0-301F-11D3-BF4B-00C04F79EFBC}") = "Module.MediaDownloader", "Module.MediaDownloader\Module.MediaDownloader.csproj", "{38F6954D-D664-DDF1-EFCE-EEAE45425D3E}"
EndProject
Project("{FAE04EC0-301F-11D3-BF4B-00C04F79EFBC}") = "BackgroundTask", "BackgroundTask\BackgroundTask.csproj", "{48A3D75C-069A-4592-A66A-CE7EB0F6EB72}"
EndProject
Project("{FAE04EC0-301F-11D3-BF4B-00C04F79EFBC}") = "Realtime", "Realtime\Realtime.csproj", "{8E63E79D-C231-40B0-89F8-B7297EF4C7DF}"
EndProject
Project("{FAE04EC0-301F-11D3-BF4B-00C04F79EFBC}") = "CNLib", "CNLib\CNLib.csproj", "{2F056CD2-0C6D-49FD-821C-6FE57500BCFC}"
EndProject
Project("{FAE04EC0-301F-11D3-BF4B-00C04F79EFBC}") = "Share.Model", "Share.Model\Share.Model.csproj", "{8F41CEB7-D98E-4ED2-B12A-7A9E56181A2D}"
EndProject
Project("{FAE04EC0-301F-11D3-BF4B-00C04F79EFBC}") = "Share.Interfaces", "Share.Interfaces\Share.Interfaces.csproj", "{542EB68C-59DD-4631-B6B7-0AC952F0C384}"
EndProject
Project("{FAE04EC0-301F-11D3-BF4B-00C04F79EFBC}") = "Share.Base", "Share.Base\Share.Base.csproj", "{F15E3123-0271-46FD-A343-63AA562A1E53}"
EndProject
Project("{FAE04EC0-301F-11D3-BF4B-00C04F79EFBC}") = "Share.Utils", "Share.Utils\Share.Utils.csproj", "{4500CEA5-6F1B-4196-A97C-30FD694E51B7}"
EndProject
Project("{FAE04EC0-301F-11D3-BF4B-00C04F79EFBC}") = "HoangCN.BL", "HoangCN.BL\HoangCN.BL.csproj", "{9A327714-7E6A-44C3-A5B3-7B078791FBD0}"
EndProject
Project("{FAE04EC0-301F-11D3-BF4B-00C04F79EFBC}") = "HoangCN.Common", "HoangCN.Common\HoangCN.Common.csproj", "{586AEAA6-F8BF-4230-B231-41A6B9168B1D}"
EndProject
Project("{FAE04EC0-301F-11D3-BF4B-00C04F79EFBC}") = "HoangCN.DL", "HoangCN.DL\HoangCN.DL.csproj", "{018D3D7E-CEB8-426B-A2A9-3F3A53A5EB77}"
EndProject
Project("{FAE04EC0-301F-11D3-BF4B-00C04F79EFBC}") = "HoangCN.API.Learn", "HoangCN.API.Learn\HoangCN.API.Learn.csproj", "{9F4D316A-868C-4F6E-9622-BBE1F40AB601}"
EndProject
Project("{FAE04EC0-301F-11D3-BF4B-00C04F79EFBC}") = "HoangCN.UserManagement", "HoangCN.UserManagement\HoangCN.UserManagement.csproj", "{8EE9E8D8-0670-4B2B-AAB6-ED69A2B4B6B3}"
EndProject
Project("{FAE04EC0-301F-11D3-BF4B-00C04F79EFBC}") = "HoangCN.API", "HoangCN.API\HoangCN.API.csproj", "{6C55DF56-B279-4F5B-86A9-47A6203D8261}"
EndProject
Project("{FAE04EC0-301F-11D3-BF4B-00C04F79EFBC}") = "HoangCN.MainSystem", "HoangCN.MainSystem\HoangCN.MainSystem.csproj", "{13CB52A5-64A4-4FAC-A867-5B1A3BCB50DC}"
EndProject
Project("{FAE04EC0-301F-11D3-BF4B-00C04F79EFBC}") = "HoangCN.LearnMS", "HoangCN.LearnMS\HoangCN.LearnMS.csproj", "{2596DCBD-88EB-43F7-875A-FFF3C98AB1D7}"
EndProject
Global
	GlobalSection(SolutionConfigurationPlatforms) = preSolution
		Debug|Any CPU = Debug|Any CPU
		Debug|x64 = Debug|x64
		Debug|x86 = Debug|x86
		Release|Any CPU = Release|Any CPU
		Release|x64 = Release|x64
		Release|x86 = Release|x86
	EndGlobalSection
	GlobalSection(ProjectConfigurationPlatforms) = postSolution
		{7E43C271-02B1-471D-8A88-27601326BAC2}.Debug|Any CPU.ActiveCfg = Debug|Any CPU
		{7E43C271-02B1-471D-8A88-27601326BAC2}.Debug|Any CPU.Build.0 = Debug|Any CPU
		{7E43C271-02B1-471D-8A88-27601326BAC2}.Debug|x64.ActiveCfg = Debug|Any CPU
		{7E43C271-02B1-471D-8A88-27601326BAC2}.Debug|x64.Build.0 = Debug|Any CPU
		{7E43C271-02B1-471D-8A88-27601326BAC2}.Debug|x86.ActiveCfg = Debug|Any CPU
		{7E43C271-02B1-471D-8A88-27601326BAC2}.Debug|x86.Build.0 = Debug|Any CPU
		{7E43C271-02B1-471D-8A88-27601326BAC2}.Release|Any CPU.ActiveCfg = Release|Any CPU
		{7E43C271-02B1-471D-8A88-27601326BAC2}.Release|Any CPU.Build.0 = Release|Any CPU
		{7E43C271-02B1-471D-8A88-27601326BAC2}.Release|x64.ActiveCfg = Release|Any CPU
		{7E43C271-02B1-471D-8A88-27601326BAC2}.Release|x64.Build.0 = Release|Any CPU
		{7E43C271-02B1-471D-8A88-27601326BAC2}.Release|x86.ActiveCfg = Release|Any CPU
		{7E43C271-02B1-471D-8A88-27601326BAC2}.Release|x86.Build.0 = Release|Any CPU
		{C497BC09-2744-498D-971D-B6CB4B4A7E39}.Debug|Any CPU.ActiveCfg = Debug|Any CPU
		{C497BC09-2744-498D-971D-B6CB4B4A7E39}.Debug|Any CPU.Build.0 = Debug|Any CPU
		{C497BC09-2744-498D-971D-B6CB4B4A7E39}.Debug|x64.ActiveCfg = Debug|Any CPU
		{C497BC09-2744-498D-971D-B6CB4B4A7E39}.Debug|x64.Build.0 = Debug|Any CPU
		{C497BC09-2744-498D-971D-B6CB4B4A7E39}.Debug|x86.ActiveCfg = Debug|Any CPU
		{C497BC09-2744-498D-971D-B6CB4B4A7E39}.Debug|x86.Build.0 = Debug|Any CPU
		{C497BC09-2744-498D-971D-B6CB4B4A7E39}.Release|Any CPU.ActiveCfg = Release|Any CPU
		{C497BC09-2744-498D-971D-B6CB4B4A7E39}.Release|Any CPU.Build.0 = Release|Any CPU
		{C497BC09-2744-498D-971D-B6CB4B4A7E39}.Release|x64.ActiveCfg = Release|Any CPU
		{C497BC09-2744-498D-971D-B6CB4B4A7E39}.Release|x64.Build.0 = Release|Any CPU
		{C497BC09-2744-498D-971D-B6CB4B4A7E39}.Release|x86.ActiveCfg = Release|Any CPU
		{C497BC09-2744-498D-971D-B6CB4B4A7E39}.Release|x86.Build.0 = Release|Any CPU
		{FDCE1F72-F50C-4C99-8D29-2E8643326A5C}.Debug|Any CPU.ActiveCfg = Debug|Any CPU
		{FDCE1F72-F50C-4C99-8D29-2E8643326A5C}.Debug|Any CPU.Build.0 = Debug|Any CPU
		{FDCE1F72-F50C-4C99-8D29-2E8643326A5C}.Debug|x64.ActiveCfg = Debug|Any CPU
		{FDCE1F72-F50C-4C99-8D29-2E8643326A5C}.Debug|x64.Build.0 = Debug|Any CPU
		{FDCE1F72-F50C-4C99-8D29-2E8643326A5C}.Debug|x86.ActiveCfg = Debug|Any CPU
		{FDCE1F72-F50C-4C99-8D29-2E8643326A5C}.Debug|x86.Build.0 = Debug|Any CPU
		{FDCE1F72-F50C-4C99-8D29-2E8643326A5C}.Release|Any CPU.ActiveCfg = Release|Any CPU
		{FDCE1F72-F50C-4C99-8D29-2E8643326A5C}.Release|Any CPU.Build.0 = Release|Any CPU
		{FDCE1F72-F50C-4C99-8D29-2E8643326A5C}.Release|x64.ActiveCfg = Release|Any CPU
		{FDCE1F72-F50C-4C99-8D29-2E8643326A5C}.Release|x64.Build.0 = Release|Any CPU
		{FDCE1F72-F50C-4C99-8D29-2E8643326A5C}.Release|x86.ActiveCfg = Release|Any CPU
		{FDCE1F72-F50C-4C99-8D29-2E8643326A5C}.Release|x86.Build.0 = Release|Any CPU
		{2FC1734E-CACA-CF52-4534-1091FD5019C4}.Debug|Any CPU.ActiveCfg = Debug|Any CPU
		{2FC1734E-CACA-CF52-4534-1091FD5019C4}.Debug|Any CPU.Build.0 = Debug|Any CPU
		{2FC1734E-CACA-CF52-4534-1091FD5019C4}.Debug|x64.ActiveCfg = Debug|Any CPU
		{2FC1734E-CACA-CF52-4534-1091FD5019C4}.Debug|x64.Build.0 = Debug|Any CPU
		{2FC1734E-CACA-CF52-4534-1091FD5019C4}.Debug|x86.ActiveCfg = Debug|Any CPU
		{2FC1734E-CACA-CF52-4534-1091FD5019C4}.Debug|x86.Build.0 = Debug|Any CPU
		{2FC1734E-CACA-CF52-4534-1091FD5019C4}.Release|Any CPU.ActiveCfg = Release|Any CPU
		{2FC1734E-CACA-CF52-4534-1091FD5019C4}.Release|Any CPU.Build.0 = Release|Any CPU
		{2FC1734E-CACA-CF52-4534-1091FD5019C4}.Release|x64.ActiveCfg = Release|Any CPU
		{2FC1734E-CACA-CF52-4534-1091FD5019C4}.Release|x64.Build.0 = Release|Any CPU
		{2FC1734E-CACA-CF52-4534-1091FD5019C4}.Release|x86.ActiveCfg = Release|Any CPU
		{2FC1734E-CACA-CF52-4534-1091FD5019C4}.Release|x86.Build.0 = Release|Any CPU
		{F1165D21-4176-43CA-B563-E0A1956CE8AD}.Debug|Any CPU.ActiveCfg = Debug|Any CPU
		{F1165D21-4176-43CA-B563-E0A1956CE8AD}.Debug|Any CPU.Build.0 = Debug|Any CPU
		{F1165D21-4176-43CA-B563-E0A1956CE8AD}.Debug|x64.ActiveCfg = Debug|Any CPU
		{F1165D21-4176-43CA-B563-E0A1956CE8AD}.Debug|x64.Build.0 = Debug|Any CPU
		{F1165D21-4176-43CA-B563-E0A1956CE8AD}.Debug|x86.ActiveCfg = Debug|Any CPU
		{F1165D21-4176-43CA-B563-E0A1956CE8AD}.Debug|x86.Build.0 = Debug|Any CPU
		{F1165D21-4176-43CA-B563-E0A1956CE8AD}.Release|Any CPU.ActiveCfg = Release|Any CPU
		{F1165D21-4176-43CA-B563-E0A1956CE8AD}.Release|Any CPU.Build.0 = Release|Any CPU
		{F1165D21-4176-43CA-B563-E0A1956CE8AD}.Release|x64.ActiveCfg = Release|Any CPU
		{F1165D21-4176-43CA-B563-E0A1956CE8AD}.Release|x64.Build.0 = Release|Any CPU
		{F1165D21-4176-43CA-B563-E0A1956CE8AD}.Release|x86.ActiveCfg = Release|Any CPU
		{F1165D21-4176-43CA-B563-E0A1956CE8AD}.Release|x86.Build.0 = Release|Any CPU
		{6ADC5C1D-25BC-4523-8BA7-F5FF441D83B9}.Debug|Any CPU.ActiveCfg = Debug|Any CPU
		{6ADC5C1D-25BC-4523-8BA7-F5FF441D83B9}.Debug|Any CPU.Build.0 = Debug|Any CPU
		{6ADC5C1D-25BC-4523-8BA7-F5FF441D83B9}.Debug|x64.ActiveCfg = Debug|Any CPU
		{6ADC5C1D-25BC-4523-8BA7-F5FF441D83B9}.Debug|x64.Build.0 = Debug|Any CPU
		{6ADC5C1D-25BC-4523-8BA7-F5FF441D83B9}.Debug|x86.ActiveCfg = Debug|Any CPU
		{6ADC5C1D-25BC-4523-8BA7-F5FF441D83B9}.Debug|x86.Build.0 = Debug|Any CPU
		{6ADC5C1D-25BC-4523-8BA7-F5FF441D83B9}.Release|Any CPU.ActiveCfg = Release|Any CPU
		{6ADC5C1D-25BC-4523-8BA7-F5FF441D83B9}.Release|Any CPU.Build.0 = Release|Any CPU
		{6ADC5C1D-25BC-4523-8BA7-F5FF441D83B9}.Release|x64.ActiveCfg = Release|Any CPU
		{6ADC5C1D-25BC-4523-8BA7-F5FF441D83B9}.Release|x64.Build.0 = Release|Any CPU
		{6ADC5C1D-25BC-4523-8BA7-F5FF441D83B9}.Release|x86.ActiveCfg = Release|Any CPU
		{6ADC5C1D-25BC-4523-8BA7-F5FF441D83B9}.Release|x86.Build.0 = Release|Any CPU
		{3D710B85-0F9E-45A9-98C0-F4CA3AF1DF75}.Debug|Any CPU.ActiveCfg = Debug|Any CPU
		{3D710B85-0F9E-45A9-98C0-F4CA3AF1DF75}.Debug|Any CPU.Build.0 = Debug|Any CPU
		{3D710B85-0F9E-45A9-98C0-F4CA3AF1DF75}.Debug|x64.ActiveCfg = Debug|Any CPU
		{3D710B85-0F9E-45A9-98C0-F4CA3AF1DF75}.Debug|x64.Build.0 = Debug|Any CPU
		{3D710B85-0F9E-45A9-98C0-F4CA3AF1DF75}.Debug|x86.ActiveCfg = Debug|Any CPU
		{3D710B85-0F9E-45A9-98C0-F4CA3AF1DF75}.Debug|x86.Build.0 = Debug|Any CPU
		{3D710B85-0F9E-45A9-98C0-F4CA3AF1DF75}.Release|Any CPU.ActiveCfg = Release|Any CPU
		{3D710B85-0F9E-45A9-98C0-F4CA3AF1DF75}.Release|Any CPU.Build.0 = Release|Any CPU
		{3D710B85-0F9E-45A9-98C0-F4CA3AF1DF75}.Release|x64.ActiveCfg = Release|Any CPU
		{3D710B85-0F9E-45A9-98C0-F4CA3AF1DF75}.Release|x64.Build.0 = Release|Any CPU
		{3D710B85-0F9E-45A9-98C0-F4CA3AF1DF75}.Release|x86.ActiveCfg = Release|Any CPU
		{3D710B85-0F9E-45A9-98C0-F4CA3AF1DF75}.Release|x86.Build.0 = Release|Any CPU
		{38F6954D-D664-DDF1-EFCE-EEAE45425D3E}.Debug|Any CPU.ActiveCfg = Debug|Any CPU
		{38F6954D-D664-DDF1-EFCE-EEAE45425D3E}.Debug|Any CPU.Build.0 = Debug|Any CPU
		{38F6954D-D664-DDF1-EFCE-EEAE45425D3E}.Debug|x64.ActiveCfg = Debug|Any CPU
		{38F6954D-D664-DDF1-EFCE-EEAE45425D3E}.Debug|x64.Build.0 = Debug|Any CPU
		{38F6954D-D664-DDF1-EFCE-EEAE45425D3E}.Debug|x86.ActiveCfg = Debug|Any CPU
		{38F6954D-D664-DDF1-EFCE-EEAE45425D3E}.Debug|x86.Build.0 = Debug|Any CPU
		{38F6954D-D664-DDF1-EFCE-EEAE45425D3E}.Release|Any CPU.ActiveCfg = Release|Any CPU
		{38F6954D-D664-DDF1-EFCE-EEAE45425D3E}.Release|Any CPU.Build.0 = Release|Any CPU
		{38F6954D-D664-DDF1-EFCE-EEAE45425D3E}.Release|x64.ActiveCfg = Release|Any CPU
		{38F6954D-D664-DDF1-EFCE-EEAE45425D3E}.Release|x64.Build.0 = Release|Any CPU
		{38F6954D-D664-DDF1-EFCE-EEAE45425D3E}.Release|x86.ActiveCfg = Release|Any CPU
		{38F6954D-D664-DDF1-EFCE-EEAE45425D3E}.Release|x86.Build.0 = Release|Any CPU
		{48A3D75C-069A-4592-A66A-CE7EB0F6EB72}.Debug|Any CPU.ActiveCfg = Debug|Any CPU
		{48A3D75C-069A-4592-A66A-CE7EB0F6EB72}.Debug|Any CPU.Build.0 = Debug|Any CPU
		{48A3D75C-069A-4592-A66A-CE7EB0F6EB72}.Debug|x64.ActiveCfg = Debug|Any CPU
		{48A3D75C-069A-4592-A66A-CE7EB0F6EB72}.Debug|x64.Build.0 = Debug|Any CPU
		{48A3D75C-069A-4592-A66A-CE7EB0F6EB72}.Debug|x86.ActiveCfg = Debug|Any CPU
		{48A3D75C-069A-4592-A66A-CE7EB0F6EB72}.Debug|x86.Build.0 = Debug|Any CPU
		{48A3D75C-069A-4592-A66A-CE7EB0F6EB72}.Release|Any CPU.ActiveCfg = Release|Any CPU
		{48A3D75C-069A-4592-A66A-CE7EB0F6EB72}.Release|Any CPU.Build.0 = Release|Any CPU
		{48A3D75C-069A-4592-A66A-CE7EB0F6EB72}.Release|x64.ActiveCfg = Release|Any CPU
		{48A3D75C-069A-4592-A66A-CE7EB0F6EB72}.Release|x64.Build.0 = Release|Any CPU
		{48A3D75C-069A-4592-A66A-CE7EB0F6EB72}.Release|x86.ActiveCfg = Release|Any CPU
		{48A3D75C-069A-4592-A66A-CE7EB0F6EB72}.Release|x86.Build.0 = Release|Any CPU
		{8E63E79D-C231-40B0-89F8-B7297EF4C7DF}.Debug|Any CPU.ActiveCfg = Debug|Any CPU
		{8E63E79D-C231-40B0-89F8-B7297EF4C7DF}.Debug|Any CPU.Build.0 = Debug|Any CPU
		{8E63E79D-C231-40B0-89F8-B7297EF4C7DF}.Debug|x64.ActiveCfg = Debug|Any CPU
		{8E63E79D-C231-40B0-89F8-B7297EF4C7DF}.Debug|x64.Build.0 = Debug|Any CPU
		{8E63E79D-C231-40B0-89F8-B7297EF4C7DF}.Debug|x86.ActiveCfg = Debug|Any CPU
		{8E63E79D-C231-40B0-89F8-B7297EF4C7DF}.Debug|x86.Build.0 = Debug|Any CPU
		{8E63E79D-C231-40B0-89F8-B7297EF4C7DF}.Release|Any CPU.ActiveCfg = Release|Any CPU
		{8E63E79D-C231-40B0-89F8-B7297EF4C7DF}.Release|Any CPU.Build.0 = Release|Any CPU
		{8E63E79D-C231-40B0-89F8-B7297EF4C7DF}.Release|x64.ActiveCfg = Release|Any CPU
		{8E63E79D-C231-40B0-89F8-B7297EF4C7DF}.Release|x64.Build.0 = Release|Any CPU
		{8E63E79D-C231-40B0-89F8-B7297EF4C7DF}.Release|x86.ActiveCfg = Release|Any CPU
		{8E63E79D-C231-40B0-89F8-B7297EF4C7DF}.Release|x86.Build.0 = Release|Any CPU
		{2F056CD2-0C6D-49FD-821C-6FE57500BCFC}.Debug|Any CPU.ActiveCfg = Debug|Any CPU
		{2F056CD2-0C6D-49FD-821C-6FE57500BCFC}.Debug|Any CPU.Build.0 = Debug|Any CPU
		{2F056CD2-0C6D-49FD-821C-6FE57500BCFC}.Debug|x64.ActiveCfg = Debug|Any CPU
		{2F056CD2-0C6D-49FD-821C-6FE57500BCFC}.Debug|x64.Build.0 = Debug|Any CPU
		{2F056CD2-0C6D-49FD-821C-6FE57500BCFC}.Debug|x86.ActiveCfg = Debug|Any CPU
		{2F056CD2-0C6D-49FD-821C-6FE57500BCFC}.Debug|x86.Build.0 = Debug|Any CPU
		{2F056CD2-0C6D-49FD-821C-6FE57500BCFC}.Release|Any CPU.ActiveCfg = Release|Any CPU
		{2F056CD2-0C6D-49FD-821C-6FE57500BCFC}.Release|Any CPU.Build.0 = Release|Any CPU
		{2F056CD2-0C6D-49FD-821C-6FE57500BCFC}.Release|x64.ActiveCfg = Release|Any CPU
		{2F056CD2-0C6D-49FD-821C-6FE57500BCFC}.Release|x64.Build.0 = Release|Any CPU
		{2F056CD2-0C6D-49FD-821C-6FE57500BCFC}.Release|x86.ActiveCfg = Release|Any CPU
		{2F056CD2-0C6D-49FD-821C-6FE57500BCFC}.Release|x86.Build.0 = Release|Any CPU
		{8F41CEB7-D98E-4ED2-B12A-7A9E56181A2D}.Debug|Any CPU.ActiveCfg = Debug|Any CPU
		{8F41CEB7-D98E-4ED2-B12A-7A9E56181A2D}.Debug|Any CPU.Build.0 = Debug|Any CPU
		{8F41CEB7-D98E-4ED2-B12A-7A9E56181A2D}.Debug|x64.ActiveCfg = Debug|Any CPU
		{8F41CEB7-D98E-4ED2-B12A-7A9E56181A2D}.Debug|x64.Build.0 = Debug|Any CPU
		{8F41CEB7-D98E-4ED2-B12A-7A9E56181A2D}.Debug|x86.ActiveCfg = Debug|Any CPU
		{8F41CEB7-D98E-4ED2-B12A-7A9E56181A2D}.Debug|x86.Build.0 = Debug|Any CPU
		{8F41CEB7-D98E-4ED2-B12A-7A9E56181A2D}.Release|Any CPU.ActiveCfg = Release|Any CPU
		{8F41CEB7-D98E-4ED2-B12A-7A9E56181A2D}.Release|Any CPU.Build.0 = Release|Any CPU
		{8F41CEB7-D98E-4ED2-B12A-7A9E56181A2D}.Release|x64.ActiveCfg = Release|Any CPU
		{8F41CEB7-D98E-4ED2-B12A-7A9E56181A2D}.Release|x64.Build.0 = Release|Any CPU
		{8F41CEB7-D98E-4ED2-B12A-7A9E56181A2D}.Release|x86.ActiveCfg = Release|Any CPU
		{8F41CEB7-D98E-4ED2-B12A-7A9E56181A2D}.Release|x86.Build.0 = Release|Any CPU
		{542EB68C-59DD-4631-B6B7-0AC952F0C384}.Debug|Any CPU.ActiveCfg = Debug|Any CPU
		{542EB68C-59DD-4631-B6B7-0AC952F0C384}.Debug|Any CPU.Build.0 = Debug|Any CPU
		{542EB68C-59DD-4631-B6B7-0AC952F0C384}.Debug|x64.ActiveCfg = Debug|Any CPU
		{542EB68C-59DD-4631-B6B7-0AC952F0C384}.Debug|x64.Build.0 = Debug|Any CPU
		{542EB68C-59DD-4631-B6B7-0AC952F0C384}.Debug|x86.ActiveCfg = Debug|Any CPU
		{542EB68C-59DD-4631-B6B7-0AC952F0C384}.Debug|x86.Build.0 = Debug|Any CPU
		{542EB68C-59DD-4631-B6B7-0AC952F0C384}.Release|Any CPU.ActiveCfg = Release|Any CPU
		{542EB68C-59DD-4631-B6B7-0AC952F0C384}.Release|Any CPU.Build.0 = Release|Any CPU
		{542EB68C-59DD-4631-B6B7-0AC952F0C384}.Release|x64.ActiveCfg = Release|Any CPU
		{542EB68C-59DD-4631-B6B7-0AC952F0C384}.Release|x64.Build.0 = Release|Any CPU
		{542EB68C-59DD-4631-B6B7-0AC952F0C384}.Release|x86.ActiveCfg = Release|Any CPU
		{542EB68C-59DD-4631-B6B7-0AC952F0C384}.Release|x86.Build.0 = Release|Any CPU
		{F15E3123-0271-46FD-A343-63AA562A1E53}.Debug|Any CPU.ActiveCfg = Debug|Any CPU
		{F15E3123-0271-46FD-A343-63AA562A1E53}.Debug|Any CPU.Build.0 = Debug|Any CPU
		{F15E3123-0271-46FD-A343-63AA562A1E53}.Debug|x64.ActiveCfg = Debug|Any CPU
		{F15E3123-0271-46FD-A343-63AA562A1E53}.Debug|x64.Build.0 = Debug|Any CPU
		{F15E3123-0271-46FD-A343-63AA562A1E53}.Debug|x86.ActiveCfg = Debug|Any CPU
		{F15E3123-0271-46FD-A343-63AA562A1E53}.Debug|x86.Build.0 = Debug|Any CPU
		{F15E3123-0271-46FD-A343-63AA562A1E53}.Release|Any CPU.ActiveCfg = Release|Any CPU
		{F15E3123-0271-46FD-A343-63AA562A1E53}.Release|Any CPU.Build.0 = Release|Any CPU
		{F15E3123-0271-46FD-A343-63AA562A1E53}.Release|x64.ActiveCfg = Release|Any CPU
		{F15E3123-0271-46FD-A343-63AA562A1E53}.Release|x64.Build.0 = Release|Any CPU
		{F15E3123-0271-46FD-A343-63AA562A1E53}.Release|x86.ActiveCfg = Release|Any CPU
		{F15E3123-0271-46FD-A343-63AA562A1E53}.Release|x86.Build.0 = Release|Any CPU
		{4500CEA5-6F1B-4196-A97C-30FD694E51B7}.Debug|Any CPU.ActiveCfg = Debug|Any CPU
		{4500CEA5-6F1B-4196-A97C-30FD694E51B7}.Debug|Any CPU.Build.0 = Debug|Any CPU
		{4500CEA5-6F1B-4196-A97C-30FD694E51B7}.Debug|x64.ActiveCfg = Debug|Any CPU
		{4500CEA5-6F1B-4196-A97C-30FD694E51B7}.Debug|x64.Build.0 = Debug|Any CPU
		{4500CEA5-6F1B-4196-A97C-30FD694E51B7}.Debug|x86.ActiveCfg = Debug|Any CPU
		{4500CEA5-6F1B-4196-A97C-30FD694E51B7}.Debug|x86.Build.0 = Debug|Any CPU
		{4500CEA5-6F1B-4196-A97C-30FD694E51B7}.Release|Any CPU.ActiveCfg = Release|Any CPU
		{4500CEA5-6F1B-4196-A97C-30FD694E51B7}.Release|Any CPU.Build.0 = Release|Any CPU
		{4500CEA5-6F1B-4196-A97C-30FD694E51B7}.Release|x64.ActiveCfg = Release|Any CPU
		{4500CEA5-6F1B-4196-A97C-30FD694E51B7}.Release|x64.Build.0 = Release|Any CPU
		{4500CEA5-6F1B-4196-A97C-30FD694E51B7}.Release|x86.ActiveCfg = Release|Any CPU
		{4500CEA5-6F1B-4196-A97C-30FD694E51B7}.Release|x86.Build.0 = Release|Any CPU
		{9A327714-7E6A-44C3-A5B3-7B078791FBD0}.Debug|Any CPU.ActiveCfg = Debug|Any CPU
		{9A327714-7E6A-44C3-A5B3-7B078791FBD0}.Debug|Any CPU.Build.0 = Debug|Any CPU
		{9A327714-7E6A-44C3-A5B3-7B078791FBD0}.Debug|x64.ActiveCfg = Debug|Any CPU
		{9A327714-7E6A-44C3-A5B3-7B078791FBD0}.Debug|x64.Build.0 = Debug|Any CPU
		{9A327714-7E6A-44C3-A5B3-7B078791FBD0}.Debug|x86.ActiveCfg = Debug|Any CPU
		{9A327714-7E6A-44C3-A5B3-7B078791FBD0}.Debug|x86.Build.0 = Debug|Any CPU
		{9A327714-7E6A-44C3-A5B3-7B078791FBD0}.Release|Any CPU.ActiveCfg = Release|Any CPU
		{9A327714-7E6A-44C3-A5B3-7B078791FBD0}.Release|Any CPU.Build.0 = Release|Any CPU
		{9A327714-7E6A-44C3-A5B3-7B078791FBD0}.Release|x64.ActiveCfg = Release|Any CPU
		{9A327714-7E6A-44C3-A5B3-7B078791FBD0}.Release|x64.Build.0 = Release|Any CPU
		{9A327714-7E6A-44C3-A5B3-7B078791FBD0}.Release|x86.ActiveCfg = Release|Any CPU
		{9A327714-7E6A-44C3-A5B3-7B078791FBD0}.Release|x86.Build.0 = Release|Any CPU
		{586AEAA6-F8BF-4230-B231-41A6B9168B1D}.Debug|Any CPU.ActiveCfg = Debug|Any CPU
		{586AEAA6-F8BF-4230-B231-41A6B9168B1D}.Debug|Any CPU.Build.0 = Debug|Any CPU
		{586AEAA6-F8BF-4230-B231-41A6B9168B1D}.Debug|x64.ActiveCfg = Debug|Any CPU
		{586AEAA6-F8BF-4230-B231-41A6B9168B1D}.Debug|x64.Build.0 = Debug|Any CPU
		{586AEAA6-F8BF-4230-B231-41A6B9168B1D}.Debug|x86.ActiveCfg = Debug|Any CPU
		{586AEAA6-F8BF-4230-B231-41A6B9168B1D}.Debug|x86.Build.0 = Debug|Any CPU
		{586AEAA6-F8BF-4230-B231-41A6B9168B1D}.Release|Any CPU.ActiveCfg = Release|Any CPU
		{586AEAA6-F8BF-4230-B231-41A6B9168B1D}.Release|Any CPU.Build.0 = Release|Any CPU
		{586AEAA6-F8BF-4230-B231-41A6B9168B1D}.Release|x64.ActiveCfg = Release|Any CPU
		{586AEAA6-F8BF-4230-B231-41A6B9168B1D}.Release|x64.Build.0 = Release|Any CPU
		{586AEAA6-F8BF-4230-B231-41A6B9168B1D}.Release|x86.ActiveCfg = Release|Any CPU
		{586AEAA6-F8BF-4230-B231-41A6B9168B1D}.Release|x86.Build.0 = Release|Any CPU
		{018D3D7E-CEB8-426B-A2A9-3F3A53A5EB77}.Debug|Any CPU.ActiveCfg = Debug|Any CPU
		{018D3D7E-CEB8-426B-A2A9-3F3A53A5EB77}.Debug|Any CPU.Build.0 = Debug|Any CPU
		{018D3D7E-CEB8-426B-A2A9-3F3A53A5EB77}.Debug|x64.ActiveCfg = Debug|Any CPU
		{018D3D7E-CEB8-426B-A2A9-3F3A53A5EB77}.Debug|x64.Build.0 = Debug|Any CPU
		{018D3D7E-CEB8-426B-A2A9-3F3A53A5EB77}.Debug|x86.ActiveCfg = Debug|Any CPU
		{018D3D7E-CEB8-426B-A2A9-3F3A53A5EB77}.Debug|x86.Build.0 = Debug|Any CPU
		{018D3D7E-CEB8-426B-A2A9-3F3A53A5EB77}.Release|Any CPU.ActiveCfg = Release|Any CPU
		{018D3D7E-CEB8-426B-A2A9-3F3A53A5EB77}.Release|Any CPU.Build.0 = Release|Any CPU
		{018D3D7E-CEB8-426B-A2A9-3F3A53A5EB77}.Release|x64.ActiveCfg = Release|Any CPU
		{018D3D7E-CEB8-426B-A2A9-3F3A53A5EB77}.Release|x64.Build.0 = Release|Any CPU
		{018D3D7E-CEB8-426B-A2A9-3F3A53A5EB77}.Release|x86.ActiveCfg = Release|Any CPU
		{018D3D7E-CEB8-426B-A2A9-3F3A53A5EB77}.Release|x86.Build.0 = Release|Any CPU
		{9F4D316A-868C-4F6E-9622-BBE1F40AB601}.Debug|Any CPU.ActiveCfg = Debug|Any CPU
		{9F4D316A-868C-4F6E-9622-BBE1F40AB601}.Debug|Any CPU.Build.0 = Debug|Any CPU
		{9F4D316A-868C-4F6E-9622-BBE1F40AB601}.Debug|x64.ActiveCfg = Debug|Any CPU
		{9F4D316A-868C-4F6E-9622-BBE1F40AB601}.Debug|x64.Build.0 = Debug|Any CPU
		{9F4D316A-868C-4F6E-9622-BBE1F40AB601}.Debug|x86.ActiveCfg = Debug|Any CPU
		{9F4D316A-868C-4F6E-9622-BBE1F40AB601}.Debug|x86.Build.0 = Debug|Any CPU
		{9F4D316A-868C-4F6E-9622-BBE1F40AB601}.Release|Any CPU.ActiveCfg = Release|Any CPU
		{9F4D316A-868C-4F6E-9622-BBE1F40AB601}.Release|Any CPU.Build.0 = Release|Any CPU
		{9F4D316A-868C-4F6E-9622-BBE1F40AB601}.Release|x64.ActiveCfg = Release|Any CPU
		{9F4D316A-868C-4F6E-9622-BBE1F40AB601}.Release|x64.Build.0 = Release|Any CPU
		{9F4D316A-868C-4F6E-9622-BBE1F40AB601}.Release|x86.ActiveCfg = Release|Any CPU
		{9F4D316A-868C-4F6E-9622-BBE1F40AB601}.Release|x86.Build.0 = Release|Any CPU
		{8EE9E8D8-0670-4B2B-AAB6-ED69A2B4B6B3}.Debug|Any CPU.ActiveCfg = Debug|Any CPU
		{8EE9E8D8-0670-4B2B-AAB6-ED69A2B4B6B3}.Debug|Any CPU.Build.0 = Debug|Any CPU
		{8EE9E8D8-0670-4B2B-AAB6-ED69A2B4B6B3}.Debug|x64.ActiveCfg = Debug|Any CPU
		{8EE9E8D8-0670-4B2B-AAB6-ED69A2B4B6B3}.Debug|x64.Build.0 = Debug|Any CPU
		{8EE9E8D8-0670-4B2B-AAB6-ED69A2B4B6B3}.Debug|x86.ActiveCfg = Debug|Any CPU
		{8EE9E8D8-0670-4B2B-AAB6-ED69A2B4B6B3}.Debug|x86.Build.0 = Debug|Any CPU
		{8EE9E8D8-0670-4B2B-AAB6-ED69A2B4B6B3}.Release|Any CPU.ActiveCfg = Release|Any CPU
		{8EE9E8D8-0670-4B2B-AAB6-ED69A2B4B6B3}.Release|Any CPU.Build.0 = Release|Any CPU
		{8EE9E8D8-0670-4B2B-AAB6-ED69A2B4B6B3}.Release|x64.ActiveCfg = Release|Any CPU
		{8EE9E8D8-0670-4B2B-AAB6-ED69A2B4B6B3}.Release|x64.Build.0 = Release|Any CPU
		{8EE9E8D8-0670-4B2B-AAB6-ED69A2B4B6B3}.Release|x86.ActiveCfg = Release|Any CPU
		{8EE9E8D8-0670-4B2B-AAB6-ED69A2B4B6B3}.Release|x86.Build.0 = Release|Any CPU
		{6C55DF56-B279-4F5B-86A9-47A6203D8261}.Debug|Any CPU.ActiveCfg = Debug|Any CPU
		{6C55DF56-B279-4F5B-86A9-47A6203D8261}.Debug|Any CPU.Build.0 = Debug|Any CPU
		{6C55DF56-B279-4F5B-86A9-47A6203D8261}.Debug|x64.ActiveCfg = Debug|Any CPU
		{6C55DF56-B279-4F5B-86A9-47A6203D8261}.Debug|x64.Build.0 = Debug|Any CPU
		{6C55DF56-B279-4F5B-86A9-47A6203D8261}.Debug|x86.ActiveCfg = Debug|Any CPU
		{6C55DF56-B279-4F5B-86A9-47A6203D8261}.Debug|x86.Build.0 = Debug|Any CPU
		{6C55DF56-B279-4F5B-86A9-47A6203D8261}.Release|Any CPU.ActiveCfg = Release|Any CPU
		{6C55DF56-B279-4F5B-86A9-47A6203D8261}.Release|Any CPU.Build.0 = Release|Any CPU
		{6C55DF56-B279-4F5B-86A9-47A6203D8261}.Release|x64.ActiveCfg = Release|Any CPU
		{6C55DF56-B279-4F5B-86A9-47A6203D8261}.Release|x64.Build.0 = Release|Any CPU
		{6C55DF56-B279-4F5B-86A9-47A6203D8261}.Release|x86.ActiveCfg = Release|Any CPU
		{6C55DF56-B279-4F5B-86A9-47A6203D8261}.Release|x86.Build.0 = Release|Any CPU
		{13CB52A5-64A4-4FAC-A867-5B1A3BCB50DC}.Debug|Any CPU.ActiveCfg = Debug|Any CPU
		{13CB52A5-64A4-4FAC-A867-5B1A3BCB50DC}.Debug|Any CPU.Build.0 = Debug|Any CPU
		{13CB52A5-64A4-4FAC-A867-5B1A3BCB50DC}.Debug|x64.ActiveCfg = Debug|Any CPU
		{13CB52A5-64A4-4FAC-A867-5B1A3BCB50DC}.Debug|x64.Build.0 = Debug|Any CPU
		{13CB52A5-64A4-4FAC-A867-5B1A3BCB50DC}.Debug|x86.ActiveCfg = Debug|Any CPU
		{13CB52A5-64A4-4FAC-A867-5B1A3BCB50DC}.Debug|x86.Build.0 = Debug|Any CPU
		{13CB52A5-64A4-4FAC-A867-5B1A3BCB50DC}.Release|Any CPU.ActiveCfg = Release|Any CPU
		{13CB52A5-64A4-4FAC-A867-5B1A3BCB50DC}.Release|Any CPU.Build.0 = Release|Any CPU
		{13CB52A5-64A4-4FAC-A867-5B1A3BCB50DC}.Release|x64.ActiveCfg = Release|Any CPU
		{13CB52A5-64A4-4FAC-A867-5B1A3BCB50DC}.Release|x64.Build.0 = Release|Any CPU
		{13CB52A5-64A4-4FAC-A867-5B1A3BCB50DC}.Release|x86.ActiveCfg = Release|Any CPU
		{13CB52A5-64A4-4FAC-A867-5B1A3BCB50DC}.Release|x86.Build.0 = Release|Any CPU
		{2596DCBD-88EB-43F7-875A-FFF3C98AB1D7}.Debug|Any CPU.ActiveCfg = Debug|Any CPU
		{2596DCBD-88EB-43F7-875A-FFF3C98AB1D7}.Debug|Any CPU.Build.0 = Debug|Any CPU
		{2596DCBD-88EB-43F7-875A-FFF3C98AB1D7}.Debug|x64.ActiveCfg = Debug|Any CPU
		{2596DCBD-88EB-43F7-875A-FFF3C98AB1D7}.Debug|x64.Build.0 = Debug|Any CPU
		{2596DCBD-88EB-43F7-875A-FFF3C98AB1D7}.Debug|x86.ActiveCfg = Debug|Any CPU
		{2596DCBD-88EB-43F7-875A-FFF3C98AB1D7}.Debug|x86.Build.0 = Debug|Any CPU
		{2596DCBD-88EB-43F7-875A-FFF3C98AB1D7}.Release|Any CPU.ActiveCfg = Release|Any CPU
		{2596DCBD-88EB-43F7-875A-FFF3C98AB1D7}.Release|Any CPU.Build.0 = Release|Any CPU
		{2596DCBD-88EB-43F7-875A-FFF3C98AB1D7}.Release|x64.ActiveCfg = Release|Any CPU
		{2596DCBD-88EB-43F7-875A-FFF3C98AB1D7}.Release|x64.Build.0 = Release|Any CPU
		{2596DCBD-88EB-43F7-875A-FFF3C98AB1D7}.Release|x86.ActiveCfg = Release|Any CPU
		{2596DCBD-88EB-43F7-875A-FFF3C98AB1D7}.Release|x86.Build.0 = Release|Any CPU
	EndGlobalSection
	GlobalSection(SolutionProperties) = preSolution
		HideSolutionNode = FALSE
	EndGlobalSection
	GlobalSection(ExtensibilityGlobals) = postSolution
		SolutionGuid = {CFF5E588-EDDC-4D36-9D4E-7D6DD365BECF}
	EndGlobalSection
EndGlobal
