
Microsoft Visual Studio Solution File, Format Version 12.00
# Visual Studio Version 17
VisualStudioVersion = 17.14.36127.28
MinimumVisualStudioVersion = 10.0.40219.1
Project("{FAE04EC0-301F-11D3-BF4B-00C04F79EFBC}") = "DataAccess", "DataAccess\DataAccess.csproj", "{7E43C271-02B1-471D-8A88-27601326BAC2}"
EndProject
Project("{FAE04EC0-301F-11D3-BF4B-00C04F79EFBC}") = "Core", "Core\Core.csproj", "{C497BC09-2744-498D-971D-B6CB4B4A7E39}"
EndProject
Project("{FAE04EC0-301F-11D3-BF4B-00C04F79EFBC}") = "API", "API\API.csproj", "{FDCE1F72-F50C-4C99-8D29-2E8643326A5C}"
EndProject
Project("{FAE04EC0-301F-11D3-BF4B-00C04F79EFBC}") = "Module.Users", "Module.Users\Module.Users.csproj", "{2FC1734E-CACA-CF52-4534-1091FD5019C4}"
EndProject
Project("{FAE04EC0-301F-11D3-BF4B-00C04F79EFBC}") = "ConsoleTest", "ConsoleTest\ConsoleTest.csproj", "{F1165D21-4176-43CA-B563-E0A1956CE8AD}"
EndProject
Project("{FAE04EC0-301F-11D3-BF4B-00C04F79EFBC}") = "Storage", "Storage\Storage.csproj", "{6ADC5C1D-25BC-4523-8BA7-F5FF441D83B9}"
EndProject
Project("{FAE04EC0-301F-11D3-BF4B-00C04F79EFBC}") = "SystemTracking", "SystemTracking\SystemTracking.csproj", "{3D710B85-0F9E-45A9-98C0-F4CA3AF1DF75}"
EndProject
Project("{FAE04EC0-301F-11D3-BF4B-00C04F79EFBC}") = "Module.MediaDownloader", "Module.MediaDownloader\Module.MediaDownloader.csproj", "{38F6954D-D664-DDF1-EFCE-EEAE45425D3E}"
EndProject
Project("{FAE04EC0-301F-11D3-BF4B-00C04F79EFBC}") = "BackgroundTask", "BackgroundTask\BackgroundTask.csproj", "{48A3D75C-069A-4592-A66A-CE7EB0F6EB72}"
EndProject
Project("{FAE04EC0-301F-11D3-BF4B-00C04F79EFBC}") = "Realtime", "Realtime\Realtime.csproj", "{8E63E79D-C231-40B0-89F8-B7297EF4C7DF}"
EndProject
Project("{FAE04EC0-301F-11D3-BF4B-00C04F79EFBC}") = "CNLib", "CNLib\CNLib.csproj", "{2F056CD2-0C6D-49FD-821C-6FE57500BCFC}"
EndProject
Global
	GlobalSection(SolutionConfigurationPlatforms) = preSolution
		Debug|Any CPU = Debug|Any CPU
		Release|Any CPU = Release|Any CPU
	EndGlobalSection
	GlobalSection(ProjectConfigurationPlatforms) = postSolution
		{7E43C271-02B1-471D-8A88-27601326BAC2}.Debug|Any CPU.ActiveCfg = Debug|Any CPU
		{7E43C271-02B1-471D-8A88-27601326BAC2}.Debug|Any CPU.Build.0 = Debug|Any CPU
		{7E43C271-02B1-471D-8A88-27601326BAC2}.Release|Any CPU.ActiveCfg = Release|Any CPU
		{7E43C271-02B1-471D-8A88-27601326BAC2}.Release|Any CPU.Build.0 = Release|Any CPU
		{C497BC09-2744-498D-971D-B6CB4B4A7E39}.Debug|Any CPU.ActiveCfg = Debug|Any CPU
		{C497BC09-2744-498D-971D-B6CB4B4A7E39}.Debug|Any CPU.Build.0 = Debug|Any CPU
		{C497BC09-2744-498D-971D-B6CB4B4A7E39}.Release|Any CPU.ActiveCfg = Release|Any CPU
		{C497BC09-2744-498D-971D-B6CB4B4A7E39}.Release|Any CPU.Build.0 = Release|Any CPU
		{FDCE1F72-F50C-4C99-8D29-2E8643326A5C}.Debug|Any CPU.ActiveCfg = Debug|Any CPU
		{FDCE1F72-F50C-4C99-8D29-2E8643326A5C}.Debug|Any CPU.Build.0 = Debug|Any CPU
		{FDCE1F72-F50C-4C99-8D29-2E8643326A5C}.Release|Any CPU.ActiveCfg = Release|Any CPU
		{FDCE1F72-F50C-4C99-8D29-2E8643326A5C}.Release|Any CPU.Build.0 = Release|Any CPU
		{2FC1734E-CACA-CF52-4534-1091FD5019C4}.Debug|Any CPU.ActiveCfg = Debug|Any CPU
		{2FC1734E-CACA-CF52-4534-1091FD5019C4}.Debug|Any CPU.Build.0 = Debug|Any CPU
		{2FC1734E-CACA-CF52-4534-1091FD5019C4}.Release|Any CPU.ActiveCfg = Release|Any CPU
		{2FC1734E-CACA-CF52-4534-1091FD5019C4}.Release|Any CPU.Build.0 = Release|Any CPU
		{F1165D21-4176-43CA-B563-E0A1956CE8AD}.Debug|Any CPU.ActiveCfg = Debug|Any CPU
		{F1165D21-4176-43CA-B563-E0A1956CE8AD}.Debug|Any CPU.Build.0 = Debug|Any CPU
		{F1165D21-4176-43CA-B563-E0A1956CE8AD}.Release|Any CPU.ActiveCfg = Release|Any CPU
		{F1165D21-4176-43CA-B563-E0A1956CE8AD}.Release|Any CPU.Build.0 = Release|Any CPU
		{6ADC5C1D-25BC-4523-8BA7-F5FF441D83B9}.Debug|Any CPU.ActiveCfg = Debug|Any CPU
		{6ADC5C1D-25BC-4523-8BA7-F5FF441D83B9}.Debug|Any CPU.Build.0 = Debug|Any CPU
		{6ADC5C1D-25BC-4523-8BA7-F5FF441D83B9}.Release|Any CPU.ActiveCfg = Release|Any CPU
		{6ADC5C1D-25BC-4523-8BA7-F5FF441D83B9}.Release|Any CPU.Build.0 = Release|Any CPU
		{3D710B85-0F9E-45A9-98C0-F4CA3AF1DF75}.Debug|Any CPU.ActiveCfg = Debug|Any CPU
		{3D710B85-0F9E-45A9-98C0-F4CA3AF1DF75}.Debug|Any CPU.Build.0 = Debug|Any CPU
		{3D710B85-0F9E-45A9-98C0-F4CA3AF1DF75}.Release|Any CPU.ActiveCfg = Release|Any CPU
		{3D710B85-0F9E-45A9-98C0-F4CA3AF1DF75}.Release|Any CPU.Build.0 = Release|Any CPU
		{38F6954D-D664-DDF1-EFCE-EEAE45425D3E}.Debug|Any CPU.ActiveCfg = Debug|Any CPU
		{38F6954D-D664-DDF1-EFCE-EEAE45425D3E}.Debug|Any CPU.Build.0 = Debug|Any CPU
		{38F6954D-D664-DDF1-EFCE-EEAE45425D3E}.Release|Any CPU.ActiveCfg = Release|Any CPU
		{38F6954D-D664-DDF1-EFCE-EEAE45425D3E}.Release|Any CPU.Build.0 = Release|Any CPU
		{48A3D75C-069A-4592-A66A-CE7EB0F6EB72}.Debug|Any CPU.ActiveCfg = Debug|Any CPU
		{48A3D75C-069A-4592-A66A-CE7EB0F6EB72}.Debug|Any CPU.Build.0 = Debug|Any CPU
		{48A3D75C-069A-4592-A66A-CE7EB0F6EB72}.Release|Any CPU.ActiveCfg = Release|Any CPU
		{48A3D75C-069A-4592-A66A-CE7EB0F6EB72}.Release|Any CPU.Build.0 = Release|Any CPU
		{8E63E79D-C231-40B0-89F8-B7297EF4C7DF}.Debug|Any CPU.ActiveCfg = Debug|Any CPU
		{8E63E79D-C231-40B0-89F8-B7297EF4C7DF}.Debug|Any CPU.Build.0 = Debug|Any CPU
		{8E63E79D-C231-40B0-89F8-B7297EF4C7DF}.Release|Any CPU.ActiveCfg = Release|Any CPU
		{8E63E79D-C231-40B0-89F8-B7297EF4C7DF}.Release|Any CPU.Build.0 = Release|Any CPU
		{2F056CD2-0C6D-49FD-821C-6FE57500BCFC}.Debug|Any CPU.ActiveCfg = Debug|Any CPU
		{2F056CD2-0C6D-49FD-821C-6FE57500BCFC}.Debug|Any CPU.Build.0 = Debug|Any CPU
		{2F056CD2-0C6D-49FD-821C-6FE57500BCFC}.Release|Any CPU.ActiveCfg = Release|Any CPU
		{2F056CD2-0C6D-49FD-821C-6FE57500BCFC}.Release|Any CPU.Build.0 = Release|Any CPU
	EndGlobalSection
	GlobalSection(SolutionProperties) = preSolution
		HideSolutionNode = FALSE
	EndGlobalSection
	GlobalSection(ExtensibilityGlobals) = postSolution
		SolutionGuid = {CFF5E588-EDDC-4D36-9D4E-7D6DD365BECF}
	EndGlobalSection
EndGlobal
